
Microsoft Visual Studio Solution File, Format Version 12.00
# Visual Studio Version 17
VisualStudioVersion = 17.0.31825.309
MinimumVisualStudioVersion = 10.0.40219.1
Project("{2150E333-8FDC-42A3-9474-1A3956D46DE8}") = "Services", "Services", "{DB76156B-5548-4B51-90B3-E5B5DB886108}"
EndProject
Project("{2150E333-8FDC-42A3-9474-1A3956D46DE8}") = "Catalog", "Catalog", "{D4C3D7F5-EBD9-4D8C-A374-8D21836BDEDC}"
EndProject
Project("{9A19103F-16F7-4668-BE54-9A1E7A4F7556}") = "Catalog.API", "Services\Catalog\Catalog.API\Catalog.API.csproj", "{E7B82F3B-2D07-4134-B1DE-56FB42BE6069}"
EndProject
Project("{E53339B2-1760-4266-BCC7-CA923CBCF16C}") = "docker-compose", "docker-compose.dcproj", "{9029588A-EF33-4BBA-8BED-6BC32819C50D}"
EndProject
Project("{2150E333-8FDC-42A3-9474-1A3956D46DE8}") = "Basket", "Basket", "{788A6986-8912-4BAC-8350-0FB0A829E3AB}"
EndProject
Project("{9A19103F-16F7-4668-BE54-9A1E7A4F7556}") = "Basket.API", "Services\Basket\Basket.API\Basket.API.csproj", "{E5992D43-F4C9-423E-9C09-12ADEBF33321}"
EndProject
Project("{2150E333-8FDC-42A3-9474-1A3956D46DE8}") = "Discount", "Discount", "{CC4FC09D-FE22-4570-AFE6-59E6D43C5238}"
EndProject
Project("{9A19103F-16F7-4668-BE54-9A1E7A4F7556}") = "Discount.API", "Services\Discount\Discount.API\Discount.API.csproj", "{86A16C20-388F-4027-98A2-8BE988E1BB0F}"
EndProject
Project("{9A19103F-16F7-4668-BE54-9A1E7A4F7556}") = "Discount.Grpc", "Services\Discount\Discount.Grpc\Discount.Grpc.csproj", "{4D7B93CB-A582-4BCF-A319-5FC999D8D06B}"
EndProject
Project("{2150E333-8FDC-42A3-9474-1A3956D46DE8}") = "Ordering", "Ordering", "{B68EFB61-0370-420A-BA08-23854C582817}"
EndProject
Project("{9A19103F-16F7-4668-BE54-9A1E7A4F7556}") = "Ordering.API", "Services\Ordering\Ordering.API\Ordering.API.csproj", "{77F7D464-D60F-45B2-A042-05C658A787A0}"
EndProject
Project("{9A19103F-16F7-4668-BE54-9A1E7A4F7556}") = "Ordering.Domain", "Services\Ordering\Ordering.Domain\Ordering.Domain.csproj", "{C245874C-9108-4749-B378-C345F32F5164}"
EndProject
Project("{9A19103F-16F7-4668-BE54-9A1E7A4F7556}") = "Ordering.Application", "Services\Ordering\Ordering.Application\Ordering.Application.csproj", "{9E676CB9-7BCC-4B27-AF8E-590B3D3511C2}"
EndProject
Project("{FAE04EC0-301F-11D3-BF4B-00C04F79EFBC}") = "Ordering.Infrastructure", "Services\Ordering\Ordering.Infrastructure\Ordering.Infrastructure.csproj", "{D7C71FC5-309C-4501-B3B6-6E8E1774D5E6}"
EndProject
Global
	GlobalSection(SolutionConfigurationPlatforms) = preSolution
		Debug|Any CPU = Debug|Any CPU
		Release|Any CPU = Release|Any CPU
	EndGlobalSection
	GlobalSection(ProjectConfigurationPlatforms) = postSolution
		{E7B82F3B-2D07-4134-B1DE-56FB42BE6069}.Debug|Any CPU.ActiveCfg = Debug|Any CPU
		{E7B82F3B-2D07-4134-B1DE-56FB42BE6069}.Debug|Any CPU.Build.0 = Debug|Any CPU
		{E7B82F3B-2D07-4134-B1DE-56FB42BE6069}.Release|Any CPU.ActiveCfg = Release|Any CPU
		{E7B82F3B-2D07-4134-B1DE-56FB42BE6069}.Release|Any CPU.Build.0 = Release|Any CPU
		{9029588A-EF33-4BBA-8BED-6BC32819C50D}.Debug|Any CPU.ActiveCfg = Debug|Any CPU
		{9029588A-EF33-4BBA-8BED-6BC32819C50D}.Debug|Any CPU.Build.0 = Debug|Any CPU
		{9029588A-EF33-4BBA-8BED-6BC32819C50D}.Release|Any CPU.ActiveCfg = Release|Any CPU
		{9029588A-EF33-4BBA-8BED-6BC32819C50D}.Release|Any CPU.Build.0 = Release|Any CPU
		{E5992D43-F4C9-423E-9C09-12ADEBF33321}.Debug|Any CPU.ActiveCfg = Debug|Any CPU
		{E5992D43-F4C9-423E-9C09-12ADEBF33321}.Debug|Any CPU.Build.0 = Debug|Any CPU
		{E5992D43-F4C9-423E-9C09-12ADEBF33321}.Release|Any CPU.ActiveCfg = Release|Any CPU
		{E5992D43-F4C9-423E-9C09-12ADEBF33321}.Release|Any CPU.Build.0 = Release|Any CPU
		{86A16C20-388F-4027-98A2-8BE988E1BB0F}.Debug|Any CPU.ActiveCfg = Debug|Any CPU
		{86A16C20-388F-4027-98A2-8BE988E1BB0F}.Debug|Any CPU.Build.0 = Debug|Any CPU
		{86A16C20-388F-4027-98A2-8BE988E1BB0F}.Release|Any CPU.ActiveCfg = Release|Any CPU
		{86A16C20-388F-4027-98A2-8BE988E1BB0F}.Release|Any CPU.Build.0 = Release|Any CPU
		{4D7B93CB-A582-4BCF-A319-5FC999D8D06B}.Debug|Any CPU.ActiveCfg = Debug|Any CPU
		{4D7B93CB-A582-4BCF-A319-5FC999D8D06B}.Debug|Any CPU.Build.0 = Debug|Any CPU
		{4D7B93CB-A582-4BCF-A319-5FC999D8D06B}.Release|Any CPU.ActiveCfg = Release|Any CPU
		{4D7B93CB-A582-4BCF-A319-5FC999D8D06B}.Release|Any CPU.Build.0 = Release|Any CPU
		{77F7D464-D60F-45B2-A042-05C658A787A0}.Debug|Any CPU.ActiveCfg = Debug|Any CPU
		{77F7D464-D60F-45B2-A042-05C658A787A0}.Debug|Any CPU.Build.0 = Debug|Any CPU
		{77F7D464-D60F-45B2-A042-05C658A787A0}.Release|Any CPU.ActiveCfg = Release|Any CPU
		{77F7D464-D60F-45B2-A042-05C658A787A0}.Release|Any CPU.Build.0 = Release|Any CPU
		{C245874C-9108-4749-B378-C345F32F5164}.Debug|Any CPU.ActiveCfg = Debug|Any CPU
		{C245874C-9108-4749-B378-C345F32F5164}.Debug|Any CPU.Build.0 = Debug|Any CPU
		{C245874C-9108-4749-B378-C345F32F5164}.Release|Any CPU.ActiveCfg = Release|Any CPU
		{C245874C-9108-4749-B378-C345F32F5164}.Release|Any CPU.Build.0 = Release|Any CPU
		{9E676CB9-7BCC-4B27-AF8E-590B3D3511C2}.Debug|Any CPU.ActiveCfg = Debug|Any CPU
		{9E676CB9-7BCC-4B27-AF8E-590B3D3511C2}.Debug|Any CPU.Build.0 = Debug|Any CPU
		{9E676CB9-7BCC-4B27-AF8E-590B3D3511C2}.Release|Any CPU.ActiveCfg = Release|Any CPU
		{9E676CB9-7BCC-4B27-AF8E-590B3D3511C2}.Release|Any CPU.Build.0 = Release|Any CPU
		{D7C71FC5-309C-4501-B3B6-6E8E1774D5E6}.Debug|Any CPU.ActiveCfg = Debug|Any CPU
		{D7C71FC5-309C-4501-B3B6-6E8E1774D5E6}.Debug|Any CPU.Build.0 = Debug|Any CPU
		{D7C71FC5-309C-4501-B3B6-6E8E1774D5E6}.Release|Any CPU.ActiveCfg = Release|Any CPU
		{D7C71FC5-309C-4501-B3B6-6E8E1774D5E6}.Release|Any CPU.Build.0 = Release|Any CPU
	EndGlobalSection
	GlobalSection(SolutionProperties) = preSolution
		HideSolutionNode = FALSE
	EndGlobalSection
	GlobalSection(NestedProjects) = preSolution
		{D4C3D7F5-EBD9-4D8C-A374-8D21836BDEDC} = {DB76156B-5548-4B51-90B3-E5B5DB886108}
		{E7B82F3B-2D07-4134-B1DE-56FB42BE6069} = {D4C3D7F5-EBD9-4D8C-A374-8D21836BDEDC}
		{788A6986-8912-4BAC-8350-0FB0A829E3AB} = {DB76156B-5548-4B51-90B3-E5B5DB886108}
		{E5992D43-F4C9-423E-9C09-12ADEBF33321} = {788A6986-8912-4BAC-8350-0FB0A829E3AB}
		{CC4FC09D-FE22-4570-AFE6-59E6D43C5238} = {DB76156B-5548-4B51-90B3-E5B5DB886108}
		{86A16C20-388F-4027-98A2-8BE988E1BB0F} = {CC4FC09D-FE22-4570-AFE6-59E6D43C5238}
		{4D7B93CB-A582-4BCF-A319-5FC999D8D06B} = {CC4FC09D-FE22-4570-AFE6-59E6D43C5238}
		{B68EFB61-0370-420A-BA08-23854C582817} = {DB76156B-5548-4B51-90B3-E5B5DB886108}
		{77F7D464-D60F-45B2-A042-05C658A787A0} = {B68EFB61-0370-420A-BA08-23854C582817}
		{C245874C-9108-4749-B378-C345F32F5164} = {B68EFB61-0370-420A-BA08-23854C582817}
		{9E676CB9-7BCC-4B27-AF8E-590B3D3511C2} = {B68EFB61-0370-420A-BA08-23854C582817}
		{D7C71FC5-309C-4501-B3B6-6E8E1774D5E6} = {B68EFB61-0370-420A-BA08-23854C582817}
	EndGlobalSection
	GlobalSection(ExtensibilityGlobals) = postSolution
		SolutionGuid = {BDE0A13E-C10D-47AA-A45D-F1273B7FD3A8}
	EndGlobalSection
EndGlobal
